
Microsoft Visual Studio Solution File, Format Version 12.00
# Visual Studio Version 16
VisualStudioVersion = 16.0.29519.181
MinimumVisualStudioVersion = 10.0.40219.1
Project("{FAE04EC0-301F-11D3-BF4B-00C04F79EFBC}") = "project", "project\project.csproj", "{EBED33C0-6AB0-42C8-BCF3-6814FD9026FA}"
EndProject
Global
	GlobalSection(SolutionConfigurationPlatforms) = preSolution
		Debug|Any CPU = Debug|Any CPU
		Release|Any CPU = Release|Any CPU
	EndGlobalSection
	GlobalSection(ProjectConfigurationPlatforms) = postSolution
		{EBED33C0-6AB0-42C8-BCF3-6814FD9026FA}.Debug|Any CPU.ActiveCfg = Debug|Any CPU
		{EBED33C0-6AB0-42C8-BCF3-6814FD9026FA}.Debug|Any CPU.Build.0 = Debug|Any CPU
		{EBED33C0-6AB0-42C8-BCF3-6814FD9026FA}.Release|Any CPU.ActiveCfg = Release|Any CPU
		{EBED33C0-6AB0-42C8-BCF3-6814FD9026FA}.Release|Any CPU.Build.0 = Release|Any CPU
	EndGlobalSection
	GlobalSection(SolutionProperties) = preSolution
		HideSolutionNode = FALSE
	EndGlobalSection
	GlobalSection(ExtensibilityGlobals) = postSolution
		SolutionGuid = {190578EC-8F7B-42CF-8167-BE98F7B259DE}
	EndGlobalSection
EndGlobal
